
Microsoft Visual Studio Solution File, Format Version 12.00
# Visual Studio Version 17
VisualStudioVersion = 17.8.34525.116
MinimumVisualStudioVersion = 10.0.40219.1
Project("{FAE04EC0-301F-11D3-BF4B-00C04F79EFBC}") = "БИ", "БИ.csproj", "{375362E0-076B-446B-B5E6-CB9017D329C7}"
EndProject
Global
	GlobalSection(SolutionConfigurationPlatforms) = preSolution
		Debug|Any CPU = Debug|Any CPU
		Release|Any CPU = Release|Any CPU
	EndGlobalSection
	GlobalSection(ProjectConfigurationPlatforms) = postSolution
		{375362E0-076B-446B-B5E6-CB9017D329C7}.Debug|Any CPU.ActiveCfg = Debug|Any CPU
		{375362E0-076B-446B-B5E6-CB9017D329C7}.Debug|Any CPU.Build.0 = Debug|Any CPU
		{375362E0-076B-446B-B5E6-CB9017D329C7}.Release|Any CPU.ActiveCfg = Release|Any CPU
		{375362E0-076B-446B-B5E6-CB9017D329C7}.Release|Any CPU.Build.0 = Release|Any CPU
	EndGlobalSection
	GlobalSection(SolutionProperties) = preSolution
		HideSolutionNode = FALSE
	EndGlobalSection
	GlobalSection(ExtensibilityGlobals) = postSolution
		SolutionGuid = {EDE52A6E-410C-4310-B5B9-53114C085750}
	EndGlobalSection
EndGlobal
